# This file is automatically @generated by Cargo.
# It is not intended for manual editing.
version = 4

[[package]]
name = "pc-wizard-cli"
version = "0.0.0"
dependencies = [
 "pc-wizard-creation",
 "pc-wizard-domain",
 "pc-wizard-pdf-renderer",
]

[[package]]
name = "pc-wizard-creation"
version = "0.0.0"
dependencies = [
 "pc-wizard-domain",
 "pc-wizard-srd-data",
]

[[package]]
name = "pc-wizard-domain"
version = "0.0.0"
dependencies = [
 "pc-wizard-srd-data",
]

[[package]]
name = "pc-wizard-integration-tests"
version = "0.0.0"
dependencies = [
 "pc-wizard-domain",
]

[[package]]
name = "pc-wizard-pdf-renderer"
version = "0.0.0"
dependencies = [
 "pc-wizard-domain",
]

[[package]]
name = "pc-wizard-srd-data"
version = "0.0.0"
